// !$*UTF8*$!
{
	archiveVersion = 1;
	classes = {
	};
	objectVersion = 55;
	objects = {

/* Begin PBXBuildFile section */
		4A001223285825A100D7699D /* cli.c in Sources */ = {isa = PBXBuildFile; fileRef = 4A001221285825A100D7699D /* cli.c */; };
		4AD78CCC285D3BBA0024564F /* useful.c in Sources */ = {isa = PBXBuildFile; fileRef = 4AD78CCB285D3BBA0024564F /* useful.c */; };
		4AD78CCE285D42D50024564F /* longterm.c in Sources */ = {isa = PBXBuildFile; fileRef = 4AD78CCD285D42D50024564F /* longterm.c */; };
		4AF9E8962852F70D00AD3B11 /* vect.c in Sources */ = {isa = PBXBuildFile; fileRef = 4AF9E88F2852F70D00AD3B11 /* vect.c */; };
		4AF9E8972852F70D00AD3B11 /* file.c in Sources */ = {isa = PBXBuildFile; fileRef = 4AF9E8902852F70D00AD3B11 /* file.c */; };
		4AF9E8982852F70D00AD3B11 /* memory.c in Sources */ = {isa = PBXBuildFile; fileRef = 4AF9E8912852F70D00AD3B11 /* memory.c */; };
		4AF9E8992852F70D00AD3B11 /* math.c in Sources */ = {isa = PBXBuildFile; fileRef = 4AF9E8932852F70D00AD3B11 /* math.c */; };
		4AF9E89A2852F70D00AD3B11 /* io.c in Sources */ = {isa = PBXBuildFile; fileRef = 4AF9E8942852F70D00AD3B11 /* io.c */; };
		4AF9E89B2852F70D00AD3B11 /* object.c in Sources */ = {isa = PBXBuildFile; fileRef = 4AF9E8952852F70D00AD3B11 /* object.c */; };
		4AF9E89F2852F72900AD3B11 /* interpret.c in Sources */ = {isa = PBXBuildFile; fileRef = 4AF9E89C2852F72900AD3B11 /* interpret.c */; };
		4AF9E8A02852F72900AD3B11 /* parse.c in Sources */ = {isa = PBXBuildFile; fileRef = 4AF9E89D2852F72900AD3B11 /* parse.c */; };
		4AF9E8A52852F74600AD3B11 /* glrender.c in Sources */ = {isa = PBXBuildFile; fileRef = 4AF9E8A12852F74600AD3B11 /* glrender.c */; };
		4AF9E8A62852F74600AD3B11 /* graph.c in Sources */ = {isa = PBXBuildFile; fileRef = 4AF9E8A32852F74600AD3B11 /* graph.c */; };
		4AF9E8AD2852F75E00AD3B11 /* land.c in Sources */ = {isa = PBXBuildFile; fileRef = 4AF9E8A72852F75E00AD3B11 /* land.c */; };
		4AF9E8AE2852F75E00AD3B11 /* console.c in Sources */ = {isa = PBXBuildFile; fileRef = 4AF9E8A92852F75E00AD3B11 /* console.c */; };
		4AF9E8AF2852F75E00AD3B11 /* territory.c in Sources */ = {isa = PBXBuildFile; fileRef = 4AF9E8AA2852F75E00AD3B11 /* territory.c */; };
		4AF9E8B02852F75E00AD3B11 /* audio.c in Sources */ = {isa = PBXBuildFile; fileRef = 4AF9E8AB2852F75E00AD3B11 /* audio.c */; };
		4AF9E8B12852F75E00AD3B11 /* tile.c in Sources */ = {isa = PBXBuildFile; fileRef = 4AF9E8AC2852F75E00AD3B11 /* tile.c */; };
		4AF9E8BE2852F77300AD3B11 /* food.c in Sources */ = {isa = PBXBuildFile; fileRef = 4AF9E8B32852F77300AD3B11 /* food.c */; };
		4AF9E8BF2852F77300AD3B11 /* skeleton.c in Sources */ = {isa = PBXBuildFile; fileRef = 4AF9E8B42852F77300AD3B11 /* skeleton.c */; };
		4AF9E8C02852F77300AD3B11 /* episodic.c in Sources */ = {isa = PBXBuildFile; fileRef = 4AF9E8B52852F77300AD3B11 /* episodic.c */; };
		4AF9E8C12852F77300AD3B11 /* immune.c in Sources */ = {isa = PBXBuildFile; fileRef = 4AF9E8B62852F77300AD3B11 /* immune.c */; };
		4AF9E8C22852F77300AD3B11 /* being.c in Sources */ = {isa = PBXBuildFile; fileRef = 4AF9E8B72852F77300AD3B11 /* being.c */; };
		4AF9E8C32852F77300AD3B11 /* speak.c in Sources */ = {isa = PBXBuildFile; fileRef = 4AF9E8B82852F77300AD3B11 /* speak.c */; };
		4AF9E8C42852F77300AD3B11 /* brain.c in Sources */ = {isa = PBXBuildFile; fileRef = 4AF9E8B92852F77300AD3B11 /* brain.c */; };
		4AF9E8C52852F77300AD3B11 /* social.c in Sources */ = {isa = PBXBuildFile; fileRef = 4AF9E8BA2852F77300AD3B11 /* social.c */; };
		4AF9E8C62852F77300AD3B11 /* body.c in Sources */ = {isa = PBXBuildFile; fileRef = 4AF9E8BB2852F77300AD3B11 /* body.c */; };
		4AF9E8C72852F77300AD3B11 /* drives.c in Sources */ = {isa = PBXBuildFile; fileRef = 4AF9E8BD2852F77300AD3B11 /* drives.c */; };
		4AF9E8CE2852F78D00AD3B11 /* sim.c in Sources */ = {isa = PBXBuildFile; fileRef = 4AF9E8C92852F78D00AD3B11 /* sim.c */; };
		4AF9E8CF2852F78D00AD3B11 /* loop.c in Sources */ = {isa = PBXBuildFile; fileRef = 4AF9E8CA2852F78D00AD3B11 /* loop.c */; };
		4AF9E8D02852F78D00AD3B11 /* transfer.c in Sources */ = {isa = PBXBuildFile; fileRef = 4AF9E8CB2852F78D00AD3B11 /* transfer.c */; };
		4AF9E8D12852F78D00AD3B11 /* command.c in Sources */ = {isa = PBXBuildFile; fileRef = 4AF9E8CD2852F78D00AD3B11 /* command.c */; };
/* End PBXBuildFile section */

/* Begin PBXCopyFilesBuildPhase section */
		4AF8203B2852F4E90089DB74 /* CopyFiles */ = {
			isa = PBXCopyFilesBuildPhase;
			buildActionMask = 2147483647;
			dstPath = /usr/share/man/man1/;
			dstSubfolderSpec = 0;
			files = (
			);
			runOnlyForDeploymentPostprocessing = 1;
		};
/* End PBXCopyFilesBuildPhase section */

/* Begin PBXFileReference section */
		4A001221285825A100D7699D /* cli.c */ = {isa = PBXFileReference; fileEncoding = 4; lastKnownFileType = sourcecode.c.c; name = cli.c; path = ../cli/cli.c; sourceTree = "<group>"; };
		4A001222285825A100D7699D /* cli.h */ = {isa = PBXFileReference; fileEncoding = 4; lastKnownFileType = sourcecode.c.h; name = cli.h; path = ../cli/cli.h; sourceTree = "<group>"; };
		4AD78CCB285D3BBA0024564F /* useful.c */ = {isa = PBXFileReference; fileEncoding = 4; lastKnownFileType = sourcecode.c.c; name = useful.c; path = ../cli/useful.c; sourceTree = "<group>"; };
		4AD78CCD285D42D50024564F /* longterm.c */ = {isa = PBXFileReference; fileEncoding = 4; lastKnownFileType = sourcecode.c.c; name = longterm.c; path = ../longterm.c; sourceTree = "<group>"; };
		4AF8203D2852F4E90089DB74 /* simape-mac */ = {isa = PBXFileReference; explicitFileType = "compiled.mach-o.executable"; includeInIndex = 0; path = "simape-mac"; sourceTree = BUILT_PRODUCTS_DIR; };
		4AF9E88F2852F70D00AD3B11 /* vect.c */ = {isa = PBXFileReference; fileEncoding = 4; lastKnownFileType = sourcecode.c.c; name = vect.c; path = ../toolkit/vect.c; sourceTree = "<group>"; };
		4AF9E8902852F70D00AD3B11 /* file.c */ = {isa = PBXFileReference; fileEncoding = 4; lastKnownFileType = sourcecode.c.c; name = file.c; path = ../toolkit/file.c; sourceTree = "<group>"; };
		4AF9E8912852F70D00AD3B11 /* memory.c */ = {isa = PBXFileReference; fileEncoding = 4; lastKnownFileType = sourcecode.c.c; name = memory.c; path = ../toolkit/memory.c; sourceTree = "<group>"; };
		4AF9E8922852F70D00AD3B11 /* toolkit.h */ = {isa = PBXFileReference; fileEncoding = 4; lastKnownFileType = sourcecode.c.h; name = toolkit.h; path = ../toolkit/toolkit.h; sourceTree = "<group>"; };
		4AF9E8932852F70D00AD3B11 /* math.c */ = {isa = PBXFileReference; fileEncoding = 4; lastKnownFileType = sourcecode.c.c; name = math.c; path = ../toolkit/math.c; sourceTree = "<group>"; };
		4AF9E8942852F70D00AD3B11 /* io.c */ = {isa = PBXFileReference; fileEncoding = 4; lastKnownFileType = sourcecode.c.c; name = io.c; path = ../toolkit/io.c; sourceTree = "<group>"; };
		4AF9E8952852F70D00AD3B11 /* object.c */ = {isa = PBXFileReference; fileEncoding = 4; lastKnownFileType = sourcecode.c.c; name = object.c; path = ../toolkit/object.c; sourceTree = "<group>"; };
		4AF9E89C2852F72900AD3B11 /* interpret.c */ = {isa = PBXFileReference; fileEncoding = 4; lastKnownFileType = sourcecode.c.c; name = interpret.c; path = ../script/interpret.c; sourceTree = "<group>"; };
		4AF9E89D2852F72900AD3B11 /* parse.c */ = {isa = PBXFileReference; fileEncoding = 4; lastKnownFileType = sourcecode.c.c; name = parse.c; path = ../script/parse.c; sourceTree = "<group>"; };
		4AF9E89E2852F72900AD3B11 /* script.h */ = {isa = PBXFileReference; fileEncoding = 4; lastKnownFileType = sourcecode.c.h; name = script.h; path = ../script/script.h; sourceTree = "<group>"; };
		4AF9E8A12852F74600AD3B11 /* glrender.c */ = {isa = PBXFileReference; fileEncoding = 4; lastKnownFileType = sourcecode.c.c; name = glrender.c; path = ../render/glrender.c; sourceTree = "<group>"; };
		4AF9E8A22852F74600AD3B11 /* glrender.h */ = {isa = PBXFileReference; fileEncoding = 4; lastKnownFileType = sourcecode.c.h; name = glrender.h; path = ../render/glrender.h; sourceTree = "<group>"; };
		4AF9E8A32852F74600AD3B11 /* graph.c */ = {isa = PBXFileReference; fileEncoding = 4; lastKnownFileType = sourcecode.c.c; name = graph.c; path = ../render/graph.c; sourceTree = "<group>"; };
		4AF9E8A42852F74600AD3B11 /* graph.h */ = {isa = PBXFileReference; fileEncoding = 4; lastKnownFileType = sourcecode.c.h; name = graph.h; path = ../render/graph.h; sourceTree = "<group>"; };
		4AF9E8A72852F75E00AD3B11 /* land.c */ = {isa = PBXFileReference; fileEncoding = 4; lastKnownFileType = sourcecode.c.c; name = land.c; path = ../sim/land.c; sourceTree = "<group>"; };
		4AF9E8A82852F75E00AD3B11 /* sim.h */ = {isa = PBXFileReference; fileEncoding = 4; lastKnownFileType = sourcecode.c.h; name = sim.h; path = ../sim/sim.h; sourceTree = "<group>"; };
		4AF9E8A92852F75E00AD3B11 /* console.c */ = {isa = PBXFileReference; fileEncoding = 4; lastKnownFileType = sourcecode.c.c; name = console.c; path = ../sim/console.c; sourceTree = "<group>"; };
		4AF9E8AA2852F75E00AD3B11 /* territory.c */ = {isa = PBXFileReference; fileEncoding = 4; lastKnownFileType = sourcecode.c.c; name = territory.c; path = ../sim/territory.c; sourceTree = "<group>"; };
		4AF9E8AB2852F75E00AD3B11 /* audio.c */ = {isa = PBXFileReference; fileEncoding = 4; lastKnownFileType = sourcecode.c.c; name = audio.c; path = ../sim/audio.c; sourceTree = "<group>"; };
		4AF9E8AC2852F75E00AD3B11 /* tile.c */ = {isa = PBXFileReference; fileEncoding = 4; lastKnownFileType = sourcecode.c.c; name = tile.c; path = ../sim/tile.c; sourceTree = "<group>"; };
		4AF9E8B22852F77300AD3B11 /* entity.h */ = {isa = PBXFileReference; fileEncoding = 4; lastKnownFileType = sourcecode.c.h; name = entity.h; path = ../entity/entity.h; sourceTree = "<group>"; };
		4AF9E8B32852F77300AD3B11 /* food.c */ = {isa = PBXFileReference; fileEncoding = 4; lastKnownFileType = sourcecode.c.c; name = food.c; path = ../entity/food.c; sourceTree = "<group>"; };
		4AF9E8B42852F77300AD3B11 /* skeleton.c */ = {isa = PBXFileReference; fileEncoding = 4; lastKnownFileType = sourcecode.c.c; name = skeleton.c; path = ../entity/skeleton.c; sourceTree = "<group>"; };
		4AF9E8B52852F77300AD3B11 /* episodic.c */ = {isa = PBXFileReference; fileEncoding = 4; lastKnownFileType = sourcecode.c.c; name = episodic.c; path = ../entity/episodic.c; sourceTree = "<group>"; };
		4AF9E8B62852F77300AD3B11 /* immune.c */ = {isa = PBXFileReference; fileEncoding = 4; lastKnownFileType = sourcecode.c.c; name = immune.c; path = ../entity/immune.c; sourceTree = "<group>"; };
		4AF9E8B72852F77300AD3B11 /* being.c */ = {isa = PBXFileReference; fileEncoding = 4; lastKnownFileType = sourcecode.c.c; name = being.c; path = ../entity/being.c; sourceTree = "<group>"; };
		4AF9E8B82852F77300AD3B11 /* speak.c */ = {isa = PBXFileReference; fileEncoding = 4; lastKnownFileType = sourcecode.c.c; name = speak.c; path = ../entity/speak.c; sourceTree = "<group>"; };
		4AF9E8B92852F77300AD3B11 /* brain.c */ = {isa = PBXFileReference; fileEncoding = 4; lastKnownFileType = sourcecode.c.c; name = brain.c; path = ../entity/brain.c; sourceTree = "<group>"; };
		4AF9E8BA2852F77300AD3B11 /* social.c */ = {isa = PBXFileReference; fileEncoding = 4; lastKnownFileType = sourcecode.c.c; name = social.c; path = ../entity/social.c; sourceTree = "<group>"; };
		4AF9E8BB2852F77300AD3B11 /* body.c */ = {isa = PBXFileReference; fileEncoding = 4; lastKnownFileType = sourcecode.c.c; name = body.c; path = ../entity/body.c; sourceTree = "<group>"; };
		4AF9E8BC2852F77300AD3B11 /* entity_internal.h */ = {isa = PBXFileReference; fileEncoding = 4; lastKnownFileType = sourcecode.c.h; name = entity_internal.h; path = ../entity/entity_internal.h; sourceTree = "<group>"; };
		4AF9E8BD2852F77300AD3B11 /* drives.c */ = {isa = PBXFileReference; fileEncoding = 4; lastKnownFileType = sourcecode.c.c; name = drives.c; path = ../entity/drives.c; sourceTree = "<group>"; };
		4AF9E8C82852F78D00AD3B11 /* universe_internal.h */ = {isa = PBXFileReference; fileEncoding = 4; lastKnownFileType = sourcecode.c.h; name = universe_internal.h; path = ../universe/universe_internal.h; sourceTree = "<group>"; };
		4AF9E8C92852F78D00AD3B11 /* sim.c */ = {isa = PBXFileReference; fileEncoding = 4; lastKnownFileType = sourcecode.c.c; name = sim.c; path = ../universe/sim.c; sourceTree = "<group>"; };
		4AF9E8CA2852F78D00AD3B11 /* loop.c */ = {isa = PBXFileReference; fileEncoding = 4; lastKnownFileType = sourcecode.c.c; name = loop.c; path = ../universe/loop.c; sourceTree = "<group>"; };
		4AF9E8CB2852F78D00AD3B11 /* transfer.c */ = {isa = PBXFileReference; fileEncoding = 4; lastKnownFileType = sourcecode.c.c; name = transfer.c; path = ../universe/transfer.c; sourceTree = "<group>"; };
		4AF9E8CC2852F78D00AD3B11 /* universe.h */ = {isa = PBXFileReference; fileEncoding = 4; lastKnownFileType = sourcecode.c.h; name = universe.h; path = ../universe/universe.h; sourceTree = "<group>"; };
		4AF9E8CD2852F78D00AD3B11 /* command.c */ = {isa = PBXFileReference; fileEncoding = 4; lastKnownFileType = sourcecode.c.c; name = command.c; path = ../universe/command.c; sourceTree = "<group>"; };
/* End PBXFileReference section */

/* Begin PBXFrameworksBuildPhase section */
		4AF8203A2852F4E90089DB74 /* Frameworks */ = {
			isa = PBXFrameworksBuildPhase;
			buildActionMask = 2147483647;
			files = (
			);
			runOnlyForDeploymentPostprocessing = 0;
		};
/* End PBXFrameworksBuildPhase section */

/* Begin PBXGroup section */
		4A0012202858258000D7699D /* cli */ = {
			isa = PBXGroup;
			children = (
				4AD78CCB285D3BBA0024564F /* useful.c */,
				4A001221285825A100D7699D /* cli.c */,
				4A001222285825A100D7699D /* cli.h */,
			);
			name = cli;
			sourceTree = "<group>";
		};
		4AF820342852F4E90089DB74 = {
			isa = PBXGroup;
			children = (
				4AD78CCD285D42D50024564F /* longterm.c */,
				4AF8204C2852F5510089DB74 /* toolkit */,
				4AF8204B2852F54E0089DB74 /* script */,
				4AF8204A2852F5480089DB74 /* render */,
				4AF820492852F5430089DB74 /* sim */,
				4AF820482852F5400089DB74 /* entity */,
				4A0012202858258000D7699D /* cli */,
				4AF820472852F53C0089DB74 /* universe */,
				4AF8203E2852F4E90089DB74 /* Products */,
			);
			sourceTree = "<group>";
		};
		4AF8203E2852F4E90089DB74 /* Products */ = {
			isa = PBXGroup;
			children = (
				4AF8203D2852F4E90089DB74 /* simape-mac */,
			);
			name = Products;
			sourceTree = "<group>";
		};
		4AF820472852F53C0089DB74 /* universe */ = {
			isa = PBXGroup;
			children = (
				4AF9E8CD2852F78D00AD3B11 /* command.c */,
				4AF9E8CA2852F78D00AD3B11 /* loop.c */,
				4AF9E8C92852F78D00AD3B11 /* sim.c */,
				4AF9E8CB2852F78D00AD3B11 /* transfer.c */,
				4AF9E8C82852F78D00AD3B11 /* universe_internal.h */,
				4AF9E8CC2852F78D00AD3B11 /* universe.h */,
			);
			name = universe;
			sourceTree = "<group>";
		};
		4AF820482852F5400089DB74 /* entity */ = {
			isa = PBXGroup;
			children = (
				4AF9E8B72852F77300AD3B11 /* being.c */,
				4AF9E8BB2852F77300AD3B11 /* body.c */,
				4AF9E8B92852F77300AD3B11 /* brain.c */,
				4AF9E8BD2852F77300AD3B11 /* drives.c */,
				4AF9E8BC2852F77300AD3B11 /* entity_internal.h */,
				4AF9E8B22852F77300AD3B11 /* entity.h */,
				4AF9E8B52852F77300AD3B11 /* episodic.c */,
				4AF9E8B32852F77300AD3B11 /* food.c */,
				4AF9E8B62852F77300AD3B11 /* immune.c */,
				4AF9E8B42852F77300AD3B11 /* skeleton.c */,
				4AF9E8BA2852F77300AD3B11 /* social.c */,
				4AF9E8B82852F77300AD3B11 /* speak.c */,
			);
			name = entity;
			sourceTree = "<group>";
		};
		4AF820492852F5430089DB74 /* sim */ = {
			isa = PBXGroup;
			children = (
				4AF9E8AB2852F75E00AD3B11 /* audio.c */,
				4AF9E8A92852F75E00AD3B11 /* console.c */,
				4AF9E8A72852F75E00AD3B11 /* land.c */,
				4AF9E8A82852F75E00AD3B11 /* sim.h */,
				4AF9E8AA2852F75E00AD3B11 /* territory.c */,
				4AF9E8AC2852F75E00AD3B11 /* tile.c */,
			);
			name = sim;
			sourceTree = "<group>";
		};
		4AF8204A2852F5480089DB74 /* render */ = {
			isa = PBXGroup;
			children = (
				4AF9E8A12852F74600AD3B11 /* glrender.c */,
				4AF9E8A22852F74600AD3B11 /* glrender.h */,
				4AF9E8A32852F74600AD3B11 /* graph.c */,
				4AF9E8A42852F74600AD3B11 /* graph.h */,
			);
			name = render;
			sourceTree = "<group>";
		};
		4AF8204B2852F54E0089DB74 /* script */ = {
			isa = PBXGroup;
			children = (
				4AF9E89C2852F72900AD3B11 /* interpret.c */,
				4AF9E89D2852F72900AD3B11 /* parse.c */,
				4AF9E89E2852F72900AD3B11 /* script.h */,
			);
			name = script;
			sourceTree = "<group>";
		};
		4AF8204C2852F5510089DB74 /* toolkit */ = {
			isa = PBXGroup;
			children = (
				4AF9E8902852F70D00AD3B11 /* file.c */,
				4AF9E8942852F70D00AD3B11 /* io.c */,
				4AF9E8932852F70D00AD3B11 /* math.c */,
				4AF9E8912852F70D00AD3B11 /* memory.c */,
				4AF9E8952852F70D00AD3B11 /* object.c */,
				4AF9E8922852F70D00AD3B11 /* toolkit.h */,
				4AF9E88F2852F70D00AD3B11 /* vect.c */,
			);
			name = toolkit;
			sourceTree = "<group>";
		};
/* End PBXGroup section */

/* Begin PBXNativeTarget section */
		4AF8203C2852F4E90089DB74 /* simape-mac */ = {
			isa = PBXNativeTarget;
			buildConfigurationList = 4AF820442852F4EA0089DB74 /* Build configuration list for PBXNativeTarget "simape-mac" */;
			buildPhases = (
				4AF820392852F4E90089DB74 /* Sources */,
				4AF8203A2852F4E90089DB74 /* Frameworks */,
				4AF8203B2852F4E90089DB74 /* CopyFiles */,
			);
			buildRules = (
			);
			dependencies = (
			);
			name = "simape-mac";
			productName = "simape-mac";
			productReference = 4AF8203D2852F4E90089DB74 /* simape-mac */;
			productType = "com.apple.product-type.tool";
		};
/* End PBXNativeTarget section */

/* Begin PBXProject section */
		4AF820352852F4E90089DB74 /* Project object */ = {
			isa = PBXProject;
			attributes = {
				BuildIndependentTargetsInParallel = 1;
				LastUpgradeCheck = 1320;
				TargetAttributes = {
					4AF8203C2852F4E90089DB74 = {
						CreatedOnToolsVersion = 13.2.1;
					};
				};
			};
			buildConfigurationList = 4AF820382852F4E90089DB74 /* Build configuration list for PBXProject "simape-mac" */;
			compatibilityVersion = "Xcode 13.0";
			developmentRegion = en;
			hasScannedForEncodings = 0;
			knownRegions = (
				en,
				Base,
			);
			mainGroup = 4AF820342852F4E90089DB74;
			productRefGroup = 4AF8203E2852F4E90089DB74 /* Products */;
			projectDirPath = "";
			projectRoot = "";
			targets = (
				4AF8203C2852F4E90089DB74 /* simape-mac */,
			);
		};
/* End PBXProject section */

/* Begin PBXSourcesBuildPhase section */
		4AF820392852F4E90089DB74 /* Sources */ = {
			isa = PBXSourcesBuildPhase;
			buildActionMask = 2147483647;
			files = (
				4AF9E8AE2852F75E00AD3B11 /* console.c in Sources */,
				4AF9E8AD2852F75E00AD3B11 /* land.c in Sources */,
				4AF9E8D02852F78D00AD3B11 /* transfer.c in Sources */,
				4AD78CCE285D42D50024564F /* longterm.c in Sources */,
				4AF9E8A62852F74600AD3B11 /* graph.c in Sources */,
				4AF9E8B02852F75E00AD3B11 /* audio.c in Sources */,
				4AF9E8C72852F77300AD3B11 /* drives.c in Sources */,
				4AF9E8A02852F72900AD3B11 /* parse.c in Sources */,
				4AF9E8962852F70D00AD3B11 /* vect.c in Sources */,
				4AF9E8C02852F77300AD3B11 /* episodic.c in Sources */,
				4AF9E89B2852F70D00AD3B11 /* object.c in Sources */,
				4AF9E8992852F70D00AD3B11 /* math.c in Sources */,
				4AF9E8982852F70D00AD3B11 /* memory.c in Sources */,
				4AF9E8C42852F77300AD3B11 /* brain.c in Sources */,
				4AD78CCC285D3BBA0024564F /* useful.c in Sources */,
				4AF9E8972852F70D00AD3B11 /* file.c in Sources */,
				4AF9E8C62852F77300AD3B11 /* body.c in Sources */,
				4A001223285825A100D7699D /* cli.c in Sources */,
				4AF9E8BE2852F77300AD3B11 /* food.c in Sources */,
				4AF9E8CE2852F78D00AD3B11 /* sim.c in Sources */,
				4AF9E8A52852F74600AD3B11 /* glrender.c in Sources */,
				4AF9E89A2852F70D00AD3B11 /* io.c in Sources */,
				4AF9E8BF2852F77300AD3B11 /* skeleton.c in Sources */,
				4AF9E8C22852F77300AD3B11 /* being.c in Sources */,
				4AF9E8C32852F77300AD3B11 /* speak.c in Sources */,
				4AF9E8B12852F75E00AD3B11 /* tile.c in Sources */,
				4AF9E8C12852F77300AD3B11 /* immune.c in Sources */,
				4AF9E8C52852F77300AD3B11 /* social.c in Sources */,
				4AF9E8CF2852F78D00AD3B11 /* loop.c in Sources */,
				4AF9E8D12852F78D00AD3B11 /* command.c in Sources */,
				4AF9E8AF2852F75E00AD3B11 /* territory.c in Sources */,
				4AF9E89F2852F72900AD3B11 /* interpret.c in Sources */,
			);
			runOnlyForDeploymentPostprocessing = 0;
		};
/* End PBXSourcesBuildPhase section */

/* Begin XCBuildConfiguration section */
		4AF820422852F4EA0089DB74 /* Debug */ = {
			isa = XCBuildConfiguration;
			buildSettings = {
				ALWAYS_SEARCH_USER_PATHS = NO;
				CLANG_ANALYZER_NONNULL = YES;
				CLANG_ANALYZER_NUMBER_OBJECT_CONVERSION = YES_AGGRESSIVE;
				CLANG_CXX_LANGUAGE_STANDARD = "gnu++17";
				CLANG_CXX_LIBRARY = "libc++";
				CLANG_ENABLE_MODULES = YES;
				CLANG_ENABLE_OBJC_ARC = YES;
				CLANG_ENABLE_OBJC_WEAK = YES;
				CLANG_WARN_BLOCK_CAPTURE_AUTORELEASING = YES;
				CLANG_WARN_BOOL_CONVERSION = YES;
				CLANG_WARN_COMMA = YES;
				CLANG_WARN_CONSTANT_CONVERSION = YES;
				CLANG_WARN_DEPRECATED_OBJC_IMPLEMENTATIONS = YES;
				CLANG_WARN_DIRECT_OBJC_ISA_USAGE = YES_ERROR;
				CLANG_WARN_DOCUMENTATION_COMMENTS = YES;
				CLANG_WARN_EMPTY_BODY = YES;
				CLANG_WARN_ENUM_CONVERSION = YES;
				CLANG_WARN_INFINITE_RECURSION = YES;
				CLANG_WARN_INT_CONVERSION = YES;
				CLANG_WARN_NON_LITERAL_NULL_CONVERSION = YES;
				CLANG_WARN_OBJC_IMPLICIT_RETAIN_SELF = YES;
				CLANG_WARN_OBJC_LITERAL_CONVERSION = YES;
				CLANG_WARN_OBJC_ROOT_CLASS = YES_ERROR;
				CLANG_WARN_QUOTED_INCLUDE_IN_FRAMEWORK_HEADER = YES;
				CLANG_WARN_RANGE_LOOP_ANALYSIS = YES;
				CLANG_WARN_STRICT_PROTOTYPES = YES;
				CLANG_WARN_SUSPICIOUS_MOVE = YES;
				CLANG_WARN_UNGUARDED_AVAILABILITY = YES_AGGRESSIVE;
				CLANG_WARN_UNREACHABLE_CODE = YES;
				CLANG_WARN__DUPLICATE_METHOD_MATCH = YES;
				COPY_PHASE_STRIP = NO;
				DEBUG_INFORMATION_FORMAT = dwarf;
				ENABLE_STRICT_OBJC_MSGSEND = YES;
				ENABLE_TESTABILITY = YES;
				GCC_C_LANGUAGE_STANDARD = gnu11;
				GCC_DYNAMIC_NO_PIC = NO;
				GCC_NO_COMMON_BLOCKS = YES;
				GCC_OPTIMIZATION_LEVEL = 0;
				GCC_PREPROCESSOR_DEFINITIONS = (
					"DEBUG=1",
					"$(inherited)",
				);
				GCC_WARN_64_TO_32_BIT_CONVERSION = YES;
				GCC_WARN_ABOUT_RETURN_TYPE = YES_ERROR;
				GCC_WARN_UNDECLARED_SELECTOR = YES;
				GCC_WARN_UNINITIALIZED_AUTOS = YES_AGGRESSIVE;
				GCC_WARN_UNUSED_FUNCTION = YES;
				GCC_WARN_UNUSED_VARIABLE = YES;
				MACOSX_DEPLOYMENT_TARGET = 11.6;
				MTL_ENABLE_DEBUG_INFO = INCLUDE_SOURCE;
				MTL_FAST_MATH = YES;
				ONLY_ACTIVE_ARCH = YES;
				SDKROOT = macosx;
			};
			name = Debug;
		};
		4AF820432852F4EA0089DB74 /* Release */ = {
			isa = XCBuildConfiguration;
			buildSettings = {
				ALWAYS_SEARCH_USER_PATHS = NO;
				CLANG_ANALYZER_NONNULL = YES;
				CLANG_ANALYZER_NUMBER_OBJECT_CONVERSION = YES_AGGRESSIVE;
				CLANG_CXX_LANGUAGE_STANDARD = "gnu++17";
				CLANG_CXX_LIBRARY = "libc++";
				CLANG_ENABLE_MODULES = YES;
				CLANG_ENABLE_OBJC_ARC = YES;
				CLANG_ENABLE_OBJC_WEAK = YES;
				CLANG_WARN_BLOCK_CAPTURE_AUTORELEASING = YES;
				CLANG_WARN_BOOL_CONVERSION = YES;
				CLANG_WARN_COMMA = YES;
				CLANG_WARN_CONSTANT_CONVERSION = YES;
				CLANG_WARN_DEPRECATED_OBJC_IMPLEMENTATIONS = YES;
				CLANG_WARN_DIRECT_OBJC_ISA_USAGE = YES_ERROR;
				CLANG_WARN_DOCUMENTATION_COMMENTS = YES;
				CLANG_WARN_EMPTY_BODY = YES;
				CLANG_WARN_ENUM_CONVERSION = YES;
				CLANG_WARN_INFINITE_RECURSION = YES;
				CLANG_WARN_INT_CONVERSION = YES;
				CLANG_WARN_NON_LITERAL_NULL_CONVERSION = YES;
				CLANG_WARN_OBJC_IMPLICIT_RETAIN_SELF = YES;
				CLANG_WARN_OBJC_LITERAL_CONVERSION = YES;
				CLANG_WARN_OBJC_ROOT_CLASS = YES_ERROR;
				CLANG_WARN_QUOTED_INCLUDE_IN_FRAMEWORK_HEADER = YES;
				CLANG_WARN_RANGE_LOOP_ANALYSIS = YES;
				CLANG_WARN_STRICT_PROTOTYPES = YES;
				CLANG_WARN_SUSPICIOUS_MOVE = YES;
				CLANG_WARN_UNGUARDED_AVAILABILITY = YES_AGGRESSIVE;
				CLANG_WARN_UNREACHABLE_CODE = YES;
				CLANG_WARN__DUPLICATE_METHOD_MATCH = YES;
				COPY_PHASE_STRIP = NO;
				DEBUG_INFORMATION_FORMAT = "dwarf-with-dsym";
				ENABLE_NS_ASSERTIONS = NO;
				ENABLE_STRICT_OBJC_MSGSEND = YES;
				GCC_C_LANGUAGE_STANDARD = gnu11;
				GCC_NO_COMMON_BLOCKS = YES;
				GCC_WARN_64_TO_32_BIT_CONVERSION = YES;
				GCC_WARN_ABOUT_RETURN_TYPE = YES_ERROR;
				GCC_WARN_UNDECLARED_SELECTOR = YES;
				GCC_WARN_UNINITIALIZED_AUTOS = YES_AGGRESSIVE;
				GCC_WARN_UNUSED_FUNCTION = YES;
				GCC_WARN_UNUSED_VARIABLE = YES;
				MACOSX_DEPLOYMENT_TARGET = 11.6;
				MTL_ENABLE_DEBUG_INFO = NO;
				MTL_FAST_MATH = YES;
				SDKROOT = macosx;
			};
			name = Release;
		};
		4AF820452852F4EA0089DB74 /* Debug */ = {
			isa = XCBuildConfiguration;
			buildSettings = {
				CODE_SIGN_STYLE = Automatic;
				PRODUCT_NAME = "$(TARGET_NAME)";
			};
			name = Debug;
		};
		4AF820462852F4EA0089DB74 /* Release */ = {
			isa = XCBuildConfiguration;
			buildSettings = {
				CODE_SIGN_STYLE = Automatic;
				PRODUCT_NAME = "$(TARGET_NAME)";
			};
			name = Release;
		};
/* End XCBuildConfiguration section */

/* Begin XCConfigurationList section */
		4AF820382852F4E90089DB74 /* Build configuration list for PBXProject "simape-mac" */ = {
			isa = XCConfigurationList;
			buildConfigurations = (
				4AF820422852F4EA0089DB74 /* Debug */,
				4AF820432852F4EA0089DB74 /* Release */,
			);
			defaultConfigurationIsVisible = 0;
			defaultConfigurationName = Release;
		};
		4AF820442852F4EA0089DB74 /* Build configuration list for PBXNativeTarget "simape-mac" */ = {
			isa = XCConfigurationList;
			buildConfigurations = (
				4AF820452852F4EA0089DB74 /* Debug */,
				4AF820462852F4EA0089DB74 /* Release */,
			);
			defaultConfigurationIsVisible = 0;
			defaultConfigurationName = Release;
		};
/* End XCConfigurationList section */
	};
	rootObject = 4AF820352852F4E90089DB74 /* Project object */;
}
