// !$*UTF8*$!
{
	archiveVersion = 1;
	classes = {
	};
	objectVersion = 46;
	objects = {

/* Begin PBXBuildFile section */
		5AE2D26E196CB66800F4D02D /* Foundation.framework in Frameworks */ = {isa = PBXBuildFile; fileRef = 5AE2D26D196CB66800F4D02D /* Foundation.framework */; };
		5AE2D270196CB66800F4D02D /* CoreGraphics.framework in Frameworks */ = {isa = PBXBuildFile; fileRef = 5AE2D26F196CB66800F4D02D /* CoreGraphics.framework */; };
		5AE2D272196CB66800F4D02D /* UIKit.framework in Frameworks */ = {isa = PBXBuildFile; fileRef = 5AE2D271196CB66800F4D02D /* UIKit.framework */; };
		5AE2D278196CB66800F4D02D /* InfoPlist.strings in Resources */ = {isa = PBXBuildFile; fileRef = 5AE2D276196CB66800F4D02D /* InfoPlist.strings */; };
		5AE2D286196CB66800F4D02D /* Images.xcassets in Resources */ = {isa = PBXBuildFile; fileRef = 5AE2D285196CB66800F4D02D /* Images.xcassets */; };
		5AE2D28D196CB66800F4D02D /* XCTest.framework in Frameworks */ = {isa = PBXBuildFile; fileRef = 5AE2D28C196CB66800F4D02D /* XCTest.framework */; };
		5AE2D28E196CB66800F4D02D /* Foundation.framework in Frameworks */ = {isa = PBXBuildFile; fileRef = 5AE2D26D196CB66800F4D02D /* Foundation.framework */; };
		5AE2D28F196CB66800F4D02D /* UIKit.framework in Frameworks */ = {isa = PBXBuildFile; fileRef = 5AE2D271196CB66800F4D02D /* UIKit.framework */; };
		5AE2D297196CB66800F4D02D /* InfoPlist.strings in Resources */ = {isa = PBXBuildFile; fileRef = 5AE2D295196CB66800F4D02D /* InfoPlist.strings */; };
		5AE2D299196CB66800F4D02D /* NobleIPadTests.m in Sources */ = {isa = PBXBuildFile; fileRef = 5AE2D298196CB66800F4D02D /* NobleIPadTests.m */; };
		5AE2D2CE196CB6C500F4D02D /* draw.c in Sources */ = {isa = PBXBuildFile; fileRef = 5AE2D2A3196CB6C500F4D02D /* draw.c */; };
		5AE2D2CF196CB6C500F4D02D /* shared.c in Sources */ = {isa = PBXBuildFile; fileRef = 5AE2D2A5196CB6C500F4D02D /* shared.c */; };
		5AE2D2D0196CB6C500F4D02D /* audio.c in Sources */ = {isa = PBXBuildFile; fileRef = 5AE2D2A7196CB6C500F4D02D /* audio.c */; };
		5AE2D2D1196CB6C500F4D02D /* compress.c in Sources */ = {isa = PBXBuildFile; fileRef = 5AE2D2A8196CB6C500F4D02D /* compress.c */; };
		5AE2D2D2196CB6C500F4D02D /* execute.c in Sources */ = {isa = PBXBuildFile; fileRef = 5AE2D2A9196CB6C500F4D02D /* execute.c */; };
		5AE2D2D3196CB6C500F4D02D /* interpret.c in Sources */ = {isa = PBXBuildFile; fileRef = 5AE2D2AA196CB6C500F4D02D /* interpret.c */; };
		5AE2D2D4196CB6C500F4D02D /* io.c in Sources */ = {isa = PBXBuildFile; fileRef = 5AE2D2AB196CB6C500F4D02D /* io.c */; };
		5AE2D2D5196CB6C500F4D02D /* land.c in Sources */ = {isa = PBXBuildFile; fileRef = 5AE2D2AC196CB6C500F4D02D /* land.c */; };
		5AE2D2D6196CB6C500F4D02D /* math.c in Sources */ = {isa = PBXBuildFile; fileRef = 5AE2D2AD196CB6C500F4D02D /* math.c */; };
		5AE2D2D7196CB6C500F4D02D /* network.c in Sources */ = {isa = PBXBuildFile; fileRef = 5AE2D2AE196CB6C500F4D02D /* network.c */; };
		5AE2D2D8196CB6C500F4D02D /* parse.c in Sources */ = {isa = PBXBuildFile; fileRef = 5AE2D2B0196CB6C500F4D02D /* parse.c */; };
		5AE2D2D9196CB6C500F4D02D /* console.c in Sources */ = {isa = PBXBuildFile; fileRef = 5AE2D2B2196CB6C500F4D02D /* console.c */; };
		5AE2D2DA196CB6C500F4D02D /* file.c in Sources */ = {isa = PBXBuildFile; fileRef = 5AE2D2B3196CB6C500F4D02D /* file.c */; };
		5AE2D2DB196CB6C500F4D02D /* sim.c in Sources */ = {isa = PBXBuildFile; fileRef = 5AE2D2B4196CB6C500F4D02D /* sim.c */; };
		5AE2D2DC196CB6C500F4D02D /* being.c in Sources */ = {isa = PBXBuildFile; fileRef = 5AE2D2B8196CB6C500F4D02D /* being.c */; };
		5AE2D2DD196CB6C500F4D02D /* body.c in Sources */ = {isa = PBXBuildFile; fileRef = 5AE2D2B9196CB6C500F4D02D /* body.c */; };
		5AE2D2DE196CB6C500F4D02D /* brain.c in Sources */ = {isa = PBXBuildFile; fileRef = 5AE2D2BA196CB6C500F4D02D /* brain.c */; };
		5AE2D2DF196CB6C500F4D02D /* drives.c in Sources */ = {isa = PBXBuildFile; fileRef = 5AE2D2BB196CB6C500F4D02D /* drives.c */; };
		5AE2D2E0196CB6C500F4D02D /* episodic.c in Sources */ = {isa = PBXBuildFile; fileRef = 5AE2D2BE196CB6C500F4D02D /* episodic.c */; };
		5AE2D2E1196CB6C500F4D02D /* food.c in Sources */ = {isa = PBXBuildFile; fileRef = 5AE2D2BF196CB6C500F4D02D /* food.c */; };
		5AE2D2E2196CB6C500F4D02D /* social.c in Sources */ = {isa = PBXBuildFile; fileRef = 5AE2D2C0196CB6C500F4D02D /* social.c */; };
		5AE2D2E3196CB6C500F4D02D /* speak.c in Sources */ = {isa = PBXBuildFile; fileRef = 5AE2D2C1196CB6C500F4D02D /* speak.c */; };
		5AE2D2E4196CB6C500F4D02D /* AppDelegate.m in Sources */ = {isa = PBXBuildFile; fileRef = 5AE2D2C4196CB6C500F4D02D /* AppDelegate.m */; };
		5AE2D2E5196CB6C500F4D02D /* InfoPlist.strings in Resources */ = {isa = PBXBuildFile; fileRef = 5AE2D2C5196CB6C500F4D02D /* InfoPlist.strings */; };
		5AE2D2E6196CB6C500F4D02D /* nobleapeipad.storyboard in Resources */ = {isa = PBXBuildFile; fileRef = 5AE2D2C7196CB6C500F4D02D /* nobleapeipad.storyboard */; };
		5AE2D2E7196CB6C500F4D02D /* main.m in Sources */ = {isa = PBXBuildFile; fileRef = 5AE2D2C9196CB6C500F4D02D /* main.m */; };
		5AE2D2E8196CB6C500F4D02D /* NoblePadView.m in Sources */ = {isa = PBXBuildFile; fileRef = 5AE2D2CB196CB6C500F4D02D /* NoblePadView.m */; };
		5AE2D2E9196CB6C500F4D02D /* ViewController.m in Sources */ = {isa = PBXBuildFile; fileRef = 5AE2D2CD196CB6C500F4D02D /* ViewController.m */; };
/* End PBXBuildFile section */

/* Begin PBXContainerItemProxy section */
		5AE2D290196CB66800F4D02D /* PBXContainerItemProxy */ = {
			isa = PBXContainerItemProxy;
			containerPortal = 5AE2D262196CB66800F4D02D /* Project object */;
			proxyType = 1;
			remoteGlobalIDString = 5AE2D269196CB66800F4D02D;
			remoteInfo = NobleIPad;
		};
/* End PBXContainerItemProxy section */

/* Begin PBXFileReference section */
		5AE2D26A196CB66800F4D02D /* NobleIPad.app */ = {isa = PBXFileReference; explicitFileType = wrapper.application; includeInIndex = 0; path = NobleIPad.app; sourceTree = BUILT_PRODUCTS_DIR; };
		5AE2D26D196CB66800F4D02D /* Foundation.framework */ = {isa = PBXFileReference; lastKnownFileType = wrapper.framework; name = Foundation.framework; path = System/Library/Frameworks/Foundation.framework; sourceTree = SDKROOT; };
		5AE2D26F196CB66800F4D02D /* CoreGraphics.framework */ = {isa = PBXFileReference; lastKnownFileType = wrapper.framework; name = CoreGraphics.framework; path = System/Library/Frameworks/CoreGraphics.framework; sourceTree = SDKROOT; };
		5AE2D271196CB66800F4D02D /* UIKit.framework */ = {isa = PBXFileReference; lastKnownFileType = wrapper.framework; name = UIKit.framework; path = System/Library/Frameworks/UIKit.framework; sourceTree = SDKROOT; };
		5AE2D275196CB66800F4D02D /* NobleIPad-Info.plist */ = {isa = PBXFileReference; lastKnownFileType = text.plist.xml; path = "NobleIPad-Info.plist"; sourceTree = "<group>"; };
		5AE2D277196CB66800F4D02D /* en */ = {isa = PBXFileReference; lastKnownFileType = text.plist.strings; name = en; path = en.lproj/InfoPlist.strings; sourceTree = "<group>"; };
		5AE2D27B196CB66800F4D02D /* NobleIPad-Prefix.pch */ = {isa = PBXFileReference; lastKnownFileType = sourcecode.c.h; path = "NobleIPad-Prefix.pch"; sourceTree = "<group>"; };
		5AE2D285196CB66800F4D02D /* Images.xcassets */ = {isa = PBXFileReference; lastKnownFileType = folder.assetcatalog; path = Images.xcassets; sourceTree = "<group>"; };
		5AE2D28B196CB66800F4D02D /* NobleIPadTests.xctest */ = {isa = PBXFileReference; explicitFileType = wrapper.cfbundle; includeInIndex = 0; path = NobleIPadTests.xctest; sourceTree = BUILT_PRODUCTS_DIR; };
		5AE2D28C196CB66800F4D02D /* XCTest.framework */ = {isa = PBXFileReference; lastKnownFileType = wrapper.framework; name = XCTest.framework; path = Library/Frameworks/XCTest.framework; sourceTree = DEVELOPER_DIR; };
		5AE2D294196CB66800F4D02D /* NobleIPadTests-Info.plist */ = {isa = PBXFileReference; lastKnownFileType = text.plist.xml; path = "NobleIPadTests-Info.plist"; sourceTree = "<group>"; };
		5AE2D296196CB66800F4D02D /* en */ = {isa = PBXFileReference; lastKnownFileType = text.plist.strings; name = en; path = en.lproj/InfoPlist.strings; sourceTree = "<group>"; };
		5AE2D298196CB66800F4D02D /* NobleIPadTests.m */ = {isa = PBXFileReference; lastKnownFileType = sourcecode.c.objc; path = NobleIPadTests.m; sourceTree = "<group>"; };
		5AE2D2A3196CB6C500F4D02D /* draw.c */ = {isa = PBXFileReference; fileEncoding = 4; lastKnownFileType = sourcecode.c.c; path = draw.c; sourceTree = "<group>"; };
		5AE2D2A4196CB6C500F4D02D /* gui.h */ = {isa = PBXFileReference; fileEncoding = 4; lastKnownFileType = sourcecode.c.h; path = gui.h; sourceTree = "<group>"; };
		5AE2D2A5196CB6C500F4D02D /* shared.c */ = {isa = PBXFileReference; fileEncoding = 4; lastKnownFileType = sourcecode.c.c; path = shared.c; sourceTree = "<group>"; };
		5AE2D2A7196CB6C500F4D02D /* audio.c */ = {isa = PBXFileReference; fileEncoding = 4; lastKnownFileType = sourcecode.c.c; path = audio.c; sourceTree = "<group>"; };
		5AE2D2A8196CB6C500F4D02D /* compress.c */ = {isa = PBXFileReference; fileEncoding = 4; lastKnownFileType = sourcecode.c.c; path = compress.c; sourceTree = "<group>"; };
		5AE2D2A9196CB6C500F4D02D /* execute.c */ = {isa = PBXFileReference; fileEncoding = 4; lastKnownFileType = sourcecode.c.c; path = execute.c; sourceTree = "<group>"; };
		5AE2D2AA196CB6C500F4D02D /* interpret.c */ = {isa = PBXFileReference; fileEncoding = 4; lastKnownFileType = sourcecode.c.c; path = interpret.c; sourceTree = "<group>"; };
		5AE2D2AB196CB6C500F4D02D /* io.c */ = {isa = PBXFileReference; fileEncoding = 4; lastKnownFileType = sourcecode.c.c; path = io.c; sourceTree = "<group>"; };
		5AE2D2AC196CB6C500F4D02D /* land.c */ = {isa = PBXFileReference; fileEncoding = 4; lastKnownFileType = sourcecode.c.c; path = land.c; sourceTree = "<group>"; };
		5AE2D2AD196CB6C500F4D02D /* math.c */ = {isa = PBXFileReference; fileEncoding = 4; lastKnownFileType = sourcecode.c.c; path = math.c; sourceTree = "<group>"; };
		5AE2D2AE196CB6C500F4D02D /* network.c */ = {isa = PBXFileReference; fileEncoding = 4; lastKnownFileType = sourcecode.c.c; path = network.c; sourceTree = "<group>"; };
		5AE2D2AF196CB6C500F4D02D /* noble.h */ = {isa = PBXFileReference; fileEncoding = 4; lastKnownFileType = sourcecode.c.h; path = noble.h; sourceTree = "<group>"; };
		5AE2D2B0196CB6C500F4D02D /* parse.c */ = {isa = PBXFileReference; fileEncoding = 4; lastKnownFileType = sourcecode.c.c; path = parse.c; sourceTree = "<group>"; };
		5AE2D2B2196CB6C500F4D02D /* console.c */ = {isa = PBXFileReference; fileEncoding = 4; lastKnownFileType = sourcecode.c.c; path = console.c; sourceTree = "<group>"; };
		5AE2D2B3196CB6C500F4D02D /* file.c */ = {isa = PBXFileReference; fileEncoding = 4; lastKnownFileType = sourcecode.c.c; path = file.c; sourceTree = "<group>"; };
		5AE2D2B4196CB6C500F4D02D /* sim.c */ = {isa = PBXFileReference; fileEncoding = 4; lastKnownFileType = sourcecode.c.c; path = sim.c; sourceTree = "<group>"; };
		5AE2D2B5196CB6C500F4D02D /* universe.h */ = {isa = PBXFileReference; fileEncoding = 4; lastKnownFileType = sourcecode.c.h; path = universe.h; sourceTree = "<group>"; };
		5AE2D2B6196CB6C500F4D02D /* universe_internal.h */ = {isa = PBXFileReference; fileEncoding = 4; lastKnownFileType = sourcecode.c.h; path = universe_internal.h; sourceTree = "<group>"; };
		5AE2D2B8196CB6C500F4D02D /* being.c */ = {isa = PBXFileReference; fileEncoding = 4; lastKnownFileType = sourcecode.c.c; path = being.c; sourceTree = "<group>"; };
		5AE2D2B9196CB6C500F4D02D /* body.c */ = {isa = PBXFileReference; fileEncoding = 4; lastKnownFileType = sourcecode.c.c; path = body.c; sourceTree = "<group>"; };
		5AE2D2BA196CB6C500F4D02D /* brain.c */ = {isa = PBXFileReference; fileEncoding = 4; lastKnownFileType = sourcecode.c.c; path = brain.c; sourceTree = "<group>"; };
		5AE2D2BB196CB6C500F4D02D /* drives.c */ = {isa = PBXFileReference; fileEncoding = 4; lastKnownFileType = sourcecode.c.c; path = drives.c; sourceTree = "<group>"; };
		5AE2D2BC196CB6C500F4D02D /* entity.h */ = {isa = PBXFileReference; fileEncoding = 4; lastKnownFileType = sourcecode.c.h; path = entity.h; sourceTree = "<group>"; };
		5AE2D2BD196CB6C500F4D02D /* entity_internal.h */ = {isa = PBXFileReference; fileEncoding = 4; lastKnownFileType = sourcecode.c.h; path = entity_internal.h; sourceTree = "<group>"; };
		5AE2D2BE196CB6C500F4D02D /* episodic.c */ = {isa = PBXFileReference; fileEncoding = 4; lastKnownFileType = sourcecode.c.c; path = episodic.c; sourceTree = "<group>"; };
		5AE2D2BF196CB6C500F4D02D /* food.c */ = {isa = PBXFileReference; fileEncoding = 4; lastKnownFileType = sourcecode.c.c; path = food.c; sourceTree = "<group>"; };
		5AE2D2C0196CB6C500F4D02D /* social.c */ = {isa = PBXFileReference; fileEncoding = 4; lastKnownFileType = sourcecode.c.c; path = social.c; sourceTree = "<group>"; };
		5AE2D2C1196CB6C500F4D02D /* speak.c */ = {isa = PBXFileReference; fileEncoding = 4; lastKnownFileType = sourcecode.c.c; path = speak.c; sourceTree = "<group>"; };
		5AE2D2C3196CB6C500F4D02D /* AppDelegate.h */ = {isa = PBXFileReference; fileEncoding = 4; lastKnownFileType = sourcecode.c.h; path = AppDelegate.h; sourceTree = "<group>"; };
		5AE2D2C4196CB6C500F4D02D /* AppDelegate.m */ = {isa = PBXFileReference; fileEncoding = 4; lastKnownFileType = sourcecode.c.objc; path = AppDelegate.m; sourceTree = "<group>"; };
		5AE2D2C6196CB6C500F4D02D /* en */ = {isa = PBXFileReference; lastKnownFileType = text.plist.strings; name = en; path = en.lproj/InfoPlist.strings; sourceTree = "<group>"; };
		5AE2D2C8196CB6C500F4D02D /* en */ = {isa = PBXFileReference; lastKnownFileType = file.storyboard; name = en; path = en.lproj/nobleapeipad.storyboard; sourceTree = "<group>"; };
		5AE2D2C9196CB6C500F4D02D /* main.m */ = {isa = PBXFileReference; fileEncoding = 4; lastKnownFileType = sourcecode.c.objc; path = main.m; sourceTree = "<group>"; };
		5AE2D2CA196CB6C500F4D02D /* NoblePadView.h */ = {isa = PBXFileReference; fileEncoding = 4; lastKnownFileType = sourcecode.c.h; path = NoblePadView.h; sourceTree = "<group>"; };
		5AE2D2CB196CB6C500F4D02D /* NoblePadView.m */ = {isa = PBXFileReference; fileEncoding = 4; lastKnownFileType = sourcecode.c.objc; path = NoblePadView.m; sourceTree = "<group>"; };
		5AE2D2CC196CB6C500F4D02D /* ViewController.h */ = {isa = PBXFileReference; fileEncoding = 4; lastKnownFileType = sourcecode.c.h; path = ViewController.h; sourceTree = "<group>"; };
		5AE2D2CD196CB6C500F4D02D /* ViewController.m */ = {isa = PBXFileReference; fileEncoding = 4; lastKnownFileType = sourcecode.c.objc; path = ViewController.m; sourceTree = "<group>"; };
		5AE2D2EA196CB7CA00F4D02D /* shared.h */ = {isa = PBXFileReference; lastKnownFileType = sourcecode.c.h; path = shared.h; sourceTree = "<group>"; };
/* End PBXFileReference section */

/* Begin PBXFrameworksBuildPhase section */
		5AE2D267196CB66800F4D02D /* Frameworks */ = {
			isa = PBXFrameworksBuildPhase;
			buildActionMask = 2147483647;
			files = (
				5AE2D270196CB66800F4D02D /* CoreGraphics.framework in Frameworks */,
				5AE2D272196CB66800F4D02D /* UIKit.framework in Frameworks */,
				5AE2D26E196CB66800F4D02D /* Foundation.framework in Frameworks */,
			);
			runOnlyForDeploymentPostprocessing = 0;
		};
		5AE2D288196CB66800F4D02D /* Frameworks */ = {
			isa = PBXFrameworksBuildPhase;
			buildActionMask = 2147483647;
			files = (
				5AE2D28D196CB66800F4D02D /* XCTest.framework in Frameworks */,
				5AE2D28F196CB66800F4D02D /* UIKit.framework in Frameworks */,
				5AE2D28E196CB66800F4D02D /* Foundation.framework in Frameworks */,
			);
			runOnlyForDeploymentPostprocessing = 0;
		};
/* End PBXFrameworksBuildPhase section */

/* Begin PBXGroup section */
		5AE2D261196CB66800F4D02D = {
			isa = PBXGroup;
			children = (
				5AE2D273196CB66800F4D02D /* NobleIPad */,
				5AE2D292196CB66800F4D02D /* NobleIPadTests */,
				5AE2D26C196CB66800F4D02D /* Frameworks */,
				5AE2D26B196CB66800F4D02D /* Products */,
			);
			sourceTree = "<group>";
		};
		5AE2D26B196CB66800F4D02D /* Products */ = {
			isa = PBXGroup;
			children = (
				5AE2D26A196CB66800F4D02D /* NobleIPad.app */,
				5AE2D28B196CB66800F4D02D /* NobleIPadTests.xctest */,
			);
			name = Products;
			sourceTree = "<group>";
		};
		5AE2D26C196CB66800F4D02D /* Frameworks */ = {
			isa = PBXGroup;
			children = (
				5AE2D26D196CB66800F4D02D /* Foundation.framework */,
				5AE2D26F196CB66800F4D02D /* CoreGraphics.framework */,
				5AE2D271196CB66800F4D02D /* UIKit.framework */,
				5AE2D28C196CB66800F4D02D /* XCTest.framework */,
			);
			name = Frameworks;
			sourceTree = "<group>";
		};
		5AE2D273196CB66800F4D02D /* NobleIPad */ = {
			isa = PBXGroup;
			children = (
				5AE2D2A2196CB6C500F4D02D /* gui */,
				5AE2D2A6196CB6C500F4D02D /* noble */,
				5AE2D2B1196CB6C500F4D02D /* universe */,
				5AE2D2B7196CB6C500F4D02D /* entity */,
				5AE2D2C2196CB6C500F4D02D /* ipad */,
				5AE2D285196CB66800F4D02D /* Images.xcassets */,
				5AE2D274196CB66800F4D02D /* Supporting Files */,
			);
			path = NobleIPad;
			sourceTree = "<group>";
		};
		5AE2D274196CB66800F4D02D /* Supporting Files */ = {
			isa = PBXGroup;
			children = (
				5AE2D275196CB66800F4D02D /* NobleIPad-Info.plist */,
				5AE2D276196CB66800F4D02D /* InfoPlist.strings */,
				5AE2D27B196CB66800F4D02D /* NobleIPad-Prefix.pch */,
			);
			name = "Supporting Files";
			sourceTree = "<group>";
		};
		5AE2D292196CB66800F4D02D /* NobleIPadTests */ = {
			isa = PBXGroup;
			children = (
				5AE2D298196CB66800F4D02D /* NobleIPadTests.m */,
				5AE2D293196CB66800F4D02D /* Supporting Files */,
			);
			path = NobleIPadTests;
			sourceTree = "<group>";
		};
		5AE2D293196CB66800F4D02D /* Supporting Files */ = {
			isa = PBXGroup;
			children = (
				5AE2D294196CB66800F4D02D /* NobleIPadTests-Info.plist */,
				5AE2D295196CB66800F4D02D /* InfoPlist.strings */,
			);
			name = "Supporting Files";
			sourceTree = "<group>";
		};
		5AE2D2A2196CB6C500F4D02D /* gui */ = {
			isa = PBXGroup;
			children = (
				5AE2D2A3196CB6C500F4D02D /* draw.c */,
				5AE2D2A4196CB6C500F4D02D /* gui.h */,
				5AE2D2A5196CB6C500F4D02D /* shared.c */,
			);
			name = gui;
			path = ../../sim/gui;
			sourceTree = "<group>";
		};
		5AE2D2A6196CB6C500F4D02D /* noble */ = {
			isa = PBXGroup;
			children = (
				5AE2D2A7196CB6C500F4D02D /* audio.c */,
				5AE2D2A8196CB6C500F4D02D /* compress.c */,
				5AE2D2A9196CB6C500F4D02D /* execute.c */,
				5AE2D2AA196CB6C500F4D02D /* interpret.c */,
				5AE2D2AB196CB6C500F4D02D /* io.c */,
				5AE2D2AC196CB6C500F4D02D /* land.c */,
				5AE2D2AD196CB6C500F4D02D /* math.c */,
				5AE2D2AE196CB6C500F4D02D /* network.c */,
				5AE2D2AF196CB6C500F4D02D /* noble.h */,
				5AE2D2B0196CB6C500F4D02D /* parse.c */,
			);
			name = noble;
			path = ../../sim/noble;
			sourceTree = "<group>";
		};
		5AE2D2B1196CB6C500F4D02D /* universe */ = {
			isa = PBXGroup;
			children = (
				5AE2D2B2196CB6C500F4D02D /* console.c */,
				5AE2D2B3196CB6C500F4D02D /* file.c */,
				5AE2D2B4196CB6C500F4D02D /* sim.c */,
				5AE2D2B5196CB6C500F4D02D /* universe.h */,
				5AE2D2B6196CB6C500F4D02D /* universe_internal.h */,
			);
			name = universe;
			path = ../../sim/universe;
			sourceTree = "<group>";
		};
		5AE2D2B7196CB6C500F4D02D /* entity */ = {
			isa = PBXGroup;
			children = (
				5AE2D2B8196CB6C500F4D02D /* being.c */,
				5AE2D2B9196CB6C500F4D02D /* body.c */,
				5AE2D2BA196CB6C500F4D02D /* brain.c */,
				5AE2D2BB196CB6C500F4D02D /* drives.c */,
				5AE2D2BC196CB6C500F4D02D /* entity.h */,
				5AE2D2BD196CB6C500F4D02D /* entity_internal.h */,
				5AE2D2BE196CB6C500F4D02D /* episodic.c */,
				5AE2D2BF196CB6C500F4D02D /* food.c */,
				5AE2D2C0196CB6C500F4D02D /* social.c */,
				5AE2D2C1196CB6C500F4D02D /* speak.c */,
			);
			name = entity;
			path = ../../sim/entity;
			sourceTree = "<group>";
		};
		5AE2D2C2196CB6C500F4D02D /* ipad */ = {
			isa = PBXGroup;
			children = (
				5AE2D2C3196CB6C500F4D02D /* AppDelegate.h */,
				5AE2D2C4196CB6C500F4D02D /* AppDelegate.m */,
				5AE2D2C5196CB6C500F4D02D /* InfoPlist.strings */,
				5AE2D2C7196CB6C500F4D02D /* nobleapeipad.storyboard */,
				5AE2D2C9196CB6C500F4D02D /* main.m */,
				5AE2D2CA196CB6C500F4D02D /* NoblePadView.h */,
				5AE2D2CB196CB6C500F4D02D /* NoblePadView.m */,
				5AE2D2CC196CB6C500F4D02D /* ViewController.h */,
				5AE2D2CD196CB6C500F4D02D /* ViewController.m */,
				5AE2D2EA196CB7CA00F4D02D /* shared.h */,
			);
			name = ipad;
			path = ../../sim/ipad;
			sourceTree = "<group>";
		};
/* End PBXGroup section */

/* Begin PBXNativeTarget section */
		5AE2D269196CB66800F4D02D /* NobleIPad */ = {
			isa = PBXNativeTarget;
			buildConfigurationList = 5AE2D29C196CB66800F4D02D /* Build configuration list for PBXNativeTarget "NobleIPad" */;
			buildPhases = (
				5AE2D266196CB66800F4D02D /* Sources */,
				5AE2D267196CB66800F4D02D /* Frameworks */,
				5AE2D268196CB66800F4D02D /* Resources */,
			);
			buildRules = (
			);
			dependencies = (
			);
			name = NobleIPad;
			productName = NobleIPad;
			productReference = 5AE2D26A196CB66800F4D02D /* NobleIPad.app */;
			productType = "com.apple.product-type.application";
		};
		5AE2D28A196CB66800F4D02D /* NobleIPadTests */ = {
			isa = PBXNativeTarget;
			buildConfigurationList = 5AE2D29F196CB66800F4D02D /* Build configuration list for PBXNativeTarget "NobleIPadTests" */;
			buildPhases = (
				5AE2D287196CB66800F4D02D /* Sources */,
				5AE2D288196CB66800F4D02D /* Frameworks */,
				5AE2D289196CB66800F4D02D /* Resources */,
			);
			buildRules = (
			);
			dependencies = (
				5AE2D291196CB66800F4D02D /* PBXTargetDependency */,
			);
			name = NobleIPadTests;
			productName = NobleIPadTests;
			productReference = 5AE2D28B196CB66800F4D02D /* NobleIPadTests.xctest */;
			productType = "com.apple.product-type.bundle.unit-test";
		};
/* End PBXNativeTarget section */

/* Begin PBXProject section */
		5AE2D262196CB66800F4D02D /* Project object */ = {
			isa = PBXProject;
			attributes = {
				LastUpgradeCheck = 0510;
				ORGANIZATIONNAME = "Tom Barbalet";
				TargetAttributes = {
					5AE2D28A196CB66800F4D02D = {
						TestTargetID = 5AE2D269196CB66800F4D02D;
					};
				};
			};
			buildConfigurationList = 5AE2D265196CB66800F4D02D /* Build configuration list for PBXProject "NobleIPad" */;
			compatibilityVersion = "Xcode 3.2";
			developmentRegion = English;
			hasScannedForEncodings = 0;
			knownRegions = (
				en,
				Base,
			);
			mainGroup = 5AE2D261196CB66800F4D02D;
			productRefGroup = 5AE2D26B196CB66800F4D02D /* Products */;
			projectDirPath = "";
			projectRoot = "";
			targets = (
				5AE2D269196CB66800F4D02D /* NobleIPad */,
				5AE2D28A196CB66800F4D02D /* NobleIPadTests */,
			);
		};
/* End PBXProject section */

/* Begin PBXResourcesBuildPhase section */
		5AE2D268196CB66800F4D02D /* Resources */ = {
			isa = PBXResourcesBuildPhase;
			buildActionMask = 2147483647;
			files = (
				5AE2D286196CB66800F4D02D /* Images.xcassets in Resources */,
				5AE2D2E5196CB6C500F4D02D /* InfoPlist.strings in Resources */,
				5AE2D2E6196CB6C500F4D02D /* nobleapeipad.storyboard in Resources */,
				5AE2D278196CB66800F4D02D /* InfoPlist.strings in Resources */,
			);
			runOnlyForDeploymentPostprocessing = 0;
		};
		5AE2D289196CB66800F4D02D /* Resources */ = {
			isa = PBXResourcesBuildPhase;
			buildActionMask = 2147483647;
			files = (
				5AE2D297196CB66800F4D02D /* InfoPlist.strings in Resources */,
			);
			runOnlyForDeploymentPostprocessing = 0;
		};
/* End PBXResourcesBuildPhase section */

/* Begin PBXSourcesBuildPhase section */
		5AE2D266196CB66800F4D02D /* Sources */ = {
			isa = PBXSourcesBuildPhase;
			buildActionMask = 2147483647;
			files = (
				5AE2D2E4196CB6C500F4D02D /* AppDelegate.m in Sources */,
				5AE2D2DA196CB6C500F4D02D /* file.c in Sources */,
				5AE2D2D0196CB6C500F4D02D /* audio.c in Sources */,
				5AE2D2D8196CB6C500F4D02D /* parse.c in Sources */,
				5AE2D2E2196CB6C500F4D02D /* social.c in Sources */,
				5AE2D2E3196CB6C500F4D02D /* speak.c in Sources */,
				5AE2D2E9196CB6C500F4D02D /* ViewController.m in Sources */,
				5AE2D2DC196CB6C500F4D02D /* being.c in Sources */,
				5AE2D2D3196CB6C500F4D02D /* interpret.c in Sources */,
				5AE2D2DD196CB6C500F4D02D /* body.c in Sources */,
				5AE2D2D2196CB6C500F4D02D /* execute.c in Sources */,
				5AE2D2CF196CB6C500F4D02D /* shared.c in Sources */,
				5AE2D2E8196CB6C500F4D02D /* NoblePadView.m in Sources */,
				5AE2D2D7196CB6C500F4D02D /* network.c in Sources */,
				5AE2D2DB196CB6C500F4D02D /* sim.c in Sources */,
				5AE2D2CE196CB6C500F4D02D /* draw.c in Sources */,
				5AE2D2E0196CB6C500F4D02D /* episodic.c in Sources */,
				5AE2D2DE196CB6C500F4D02D /* brain.c in Sources */,
				5AE2D2DF196CB6C500F4D02D /* drives.c in Sources */,
				5AE2D2D1196CB6C500F4D02D /* compress.c in Sources */,
				5AE2D2E1196CB6C500F4D02D /* food.c in Sources */,
				5AE2D2D5196CB6C500F4D02D /* land.c in Sources */,
				5AE2D2D9196CB6C500F4D02D /* console.c in Sources */,
				5AE2D2D6196CB6C500F4D02D /* math.c in Sources */,
				5AE2D2E7196CB6C500F4D02D /* main.m in Sources */,
				5AE2D2D4196CB6C500F4D02D /* io.c in Sources */,
			);
			runOnlyForDeploymentPostprocessing = 0;
		};
		5AE2D287196CB66800F4D02D /* Sources */ = {
			isa = PBXSourcesBuildPhase;
			buildActionMask = 2147483647;
			files = (
				5AE2D299196CB66800F4D02D /* NobleIPadTests.m in Sources */,
			);
			runOnlyForDeploymentPostprocessing = 0;
		};
/* End PBXSourcesBuildPhase section */

/* Begin PBXTargetDependency section */
		5AE2D291196CB66800F4D02D /* PBXTargetDependency */ = {
			isa = PBXTargetDependency;
			target = 5AE2D269196CB66800F4D02D /* NobleIPad */;
			targetProxy = 5AE2D290196CB66800F4D02D /* PBXContainerItemProxy */;
		};
/* End PBXTargetDependency section */

/* Begin PBXVariantGroup section */
		5AE2D276196CB66800F4D02D /* InfoPlist.strings */ = {
			isa = PBXVariantGroup;
			children = (
				5AE2D277196CB66800F4D02D /* en */,
			);
			name = InfoPlist.strings;
			sourceTree = "<group>";
		};
		5AE2D295196CB66800F4D02D /* InfoPlist.strings */ = {
			isa = PBXVariantGroup;
			children = (
				5AE2D296196CB66800F4D02D /* en */,
			);
			name = InfoPlist.strings;
			sourceTree = "<group>";
		};
		5AE2D2C5196CB6C500F4D02D /* InfoPlist.strings */ = {
			isa = PBXVariantGroup;
			children = (
				5AE2D2C6196CB6C500F4D02D /* en */,
			);
			name = InfoPlist.strings;
			sourceTree = "<group>";
		};
		5AE2D2C7196CB6C500F4D02D /* nobleapeipad.storyboard */ = {
			isa = PBXVariantGroup;
			children = (
				5AE2D2C8196CB6C500F4D02D /* en */,
			);
			name = nobleapeipad.storyboard;
			sourceTree = "<group>";
		};
/* End PBXVariantGroup section */

/* Begin XCBuildConfiguration section */
		5AE2D29A196CB66800F4D02D /* Debug */ = {
			isa = XCBuildConfiguration;
			buildSettings = {
				ALWAYS_SEARCH_USER_PATHS = NO;
				CLANG_CXX_LANGUAGE_STANDARD = "gnu++0x";
				CLANG_CXX_LIBRARY = "libc++";
				CLANG_ENABLE_MODULES = YES;
				CLANG_ENABLE_OBJC_ARC = YES;
				CLANG_WARN_BOOL_CONVERSION = YES;
				CLANG_WARN_CONSTANT_CONVERSION = YES;
				CLANG_WARN_DIRECT_OBJC_ISA_USAGE = YES_ERROR;
				CLANG_WARN_EMPTY_BODY = YES;
				CLANG_WARN_ENUM_CONVERSION = YES;
				CLANG_WARN_INT_CONVERSION = YES;
				CLANG_WARN_OBJC_ROOT_CLASS = YES_ERROR;
				CLANG_WARN__DUPLICATE_METHOD_MATCH = YES;
				"CODE_SIGN_IDENTITY[sdk=iphoneos*]" = "iPhone Developer";
				COPY_PHASE_STRIP = NO;
				GCC_C_LANGUAGE_STANDARD = gnu99;
				GCC_DYNAMIC_NO_PIC = NO;
				GCC_OPTIMIZATION_LEVEL = 0;
				GCC_PREPROCESSOR_DEFINITIONS = (
					"DEBUG=1",
					"$(inherited)",
				);
				GCC_SYMBOLS_PRIVATE_EXTERN = NO;
				GCC_WARN_64_TO_32_BIT_CONVERSION = YES;
				GCC_WARN_ABOUT_RETURN_TYPE = YES_ERROR;
				GCC_WARN_UNDECLARED_SELECTOR = YES;
				GCC_WARN_UNINITIALIZED_AUTOS = YES_AGGRESSIVE;
				GCC_WARN_UNUSED_FUNCTION = YES;
				GCC_WARN_UNUSED_VARIABLE = YES;
				IPHONEOS_DEPLOYMENT_TARGET = 7.1;
				ONLY_ACTIVE_ARCH = YES;
				SDKROOT = iphoneos;
				TARGETED_DEVICE_FAMILY = 2;
			};
			name = Debug;
		};
		5AE2D29B196CB66800F4D02D /* Release */ = {
			isa = XCBuildConfiguration;
			buildSettings = {
				ALWAYS_SEARCH_USER_PATHS = NO;
				CLANG_CXX_LANGUAGE_STANDARD = "gnu++0x";
				CLANG_CXX_LIBRARY = "libc++";
				CLANG_ENABLE_MODULES = YES;
				CLANG_ENABLE_OBJC_ARC = YES;
				CLANG_WARN_BOOL_CONVERSION = YES;
				CLANG_WARN_CONSTANT_CONVERSION = YES;
				CLANG_WARN_DIRECT_OBJC_ISA_USAGE = YES_ERROR;
				CLANG_WARN_EMPTY_BODY = YES;
				CLANG_WARN_ENUM_CONVERSION = YES;
				CLANG_WARN_INT_CONVERSION = YES;
				CLANG_WARN_OBJC_ROOT_CLASS = YES_ERROR;
				CLANG_WARN__DUPLICATE_METHOD_MATCH = YES;
				"CODE_SIGN_IDENTITY[sdk=iphoneos*]" = "iPhone Developer";
				COPY_PHASE_STRIP = YES;
				ENABLE_NS_ASSERTIONS = NO;
				GCC_C_LANGUAGE_STANDARD = gnu99;
				GCC_WARN_64_TO_32_BIT_CONVERSION = YES;
				GCC_WARN_ABOUT_RETURN_TYPE = YES_ERROR;
				GCC_WARN_UNDECLARED_SELECTOR = YES;
				GCC_WARN_UNINITIALIZED_AUTOS = YES_AGGRESSIVE;
				GCC_WARN_UNUSED_FUNCTION = YES;
				GCC_WARN_UNUSED_VARIABLE = YES;
				IPHONEOS_DEPLOYMENT_TARGET = 7.1;
				SDKROOT = iphoneos;
				TARGETED_DEVICE_FAMILY = 2;
				VALIDATE_PRODUCT = YES;
			};
			name = Release;
		};
		5AE2D29D196CB66800F4D02D /* Debug */ = {
			isa = XCBuildConfiguration;
			buildSettings = {
				ASSETCATALOG_COMPILER_APPICON_NAME = AppIcon;
				ASSETCATALOG_COMPILER_LAUNCHIMAGE_NAME = LaunchImage;
				GCC_PRECOMPILE_PREFIX_HEADER = YES;
				GCC_PREFIX_HEADER = "NobleIPad/NobleIPad-Prefix.pch";
				INFOPLIST_FILE = "NobleIPad/NobleIPad-Info.plist";
				PRODUCT_NAME = "$(TARGET_NAME)";
				WRAPPER_EXTENSION = app;
			};
			name = Debug;
		};
		5AE2D29E196CB66800F4D02D /* Release */ = {
			isa = XCBuildConfiguration;
			buildSettings = {
				ASSETCATALOG_COMPILER_APPICON_NAME = AppIcon;
				ASSETCATALOG_COMPILER_LAUNCHIMAGE_NAME = LaunchImage;
				GCC_PRECOMPILE_PREFIX_HEADER = YES;
				GCC_PREFIX_HEADER = "NobleIPad/NobleIPad-Prefix.pch";
				INFOPLIST_FILE = "NobleIPad/NobleIPad-Info.plist";
				PRODUCT_NAME = "$(TARGET_NAME)";
				WRAPPER_EXTENSION = app;
			};
			name = Release;
		};
		5AE2D2A0196CB66800F4D02D /* Debug */ = {
			isa = XCBuildConfiguration;
			buildSettings = {
				BUNDLE_LOADER = "$(BUILT_PRODUCTS_DIR)/NobleIPad.app/NobleIPad";
				FRAMEWORK_SEARCH_PATHS = (
					"$(SDKROOT)/Developer/Library/Frameworks",
					"$(inherited)",
					"$(DEVELOPER_FRAMEWORKS_DIR)",
				);
				GCC_PRECOMPILE_PREFIX_HEADER = YES;
				GCC_PREFIX_HEADER = "NobleIPad/NobleIPad-Prefix.pch";
				GCC_PREPROCESSOR_DEFINITIONS = (
					"DEBUG=1",
					"$(inherited)",
				);
				INFOPLIST_FILE = "NobleIPadTests/NobleIPadTests-Info.plist";
				PRODUCT_NAME = "$(TARGET_NAME)";
				TEST_HOST = "$(BUNDLE_LOADER)";
				WRAPPER_EXTENSION = xctest;
			};
			name = Debug;
		};
		5AE2D2A1196CB66800F4D02D /* Release */ = {
			isa = XCBuildConfiguration;
			buildSettings = {
				BUNDLE_LOADER = "$(BUILT_PRODUCTS_DIR)/NobleIPad.app/NobleIPad";
				FRAMEWORK_SEARCH_PATHS = (
					"$(SDKROOT)/Developer/Library/Frameworks",
					"$(inherited)",
					"$(DEVELOPER_FRAMEWORKS_DIR)",
				);
				GCC_PRECOMPILE_PREFIX_HEADER = YES;
				GCC_PREFIX_HEADER = "NobleIPad/NobleIPad-Prefix.pch";
				INFOPLIST_FILE = "NobleIPadTests/NobleIPadTests-Info.plist";
				PRODUCT_NAME = "$(TARGET_NAME)";
				TEST_HOST = "$(BUNDLE_LOADER)";
				WRAPPER_EXTENSION = xctest;
			};
			name = Release;
		};
/* End XCBuildConfiguration section */

/* Begin XCConfigurationList section */
		5AE2D265196CB66800F4D02D /* Build configuration list for PBXProject "NobleIPad" */ = {
			isa = XCConfigurationList;
			buildConfigurations = (
				5AE2D29A196CB66800F4D02D /* Debug */,
				5AE2D29B196CB66800F4D02D /* Release */,
			);
			defaultConfigurationIsVisible = 0;
			defaultConfigurationName = Release;
		};
		5AE2D29C196CB66800F4D02D /* Build configuration list for PBXNativeTarget "NobleIPad" */ = {
			isa = XCConfigurationList;
			buildConfigurations = (
				5AE2D29D196CB66800F4D02D /* Debug */,
				5AE2D29E196CB66800F4D02D /* Release */,
			);
			defaultConfigurationIsVisible = 0;
		};
		5AE2D29F196CB66800F4D02D /* Build configuration list for PBXNativeTarget "NobleIPadTests" */ = {
			isa = XCConfigurationList;
			buildConfigurations = (
				5AE2D2A0196CB66800F4D02D /* Debug */,
				5AE2D2A1196CB66800F4D02D /* Release */,
			);
			defaultConfigurationIsVisible = 0;
		};
/* End XCConfigurationList section */
	};
	rootObject = 5AE2D262196CB66800F4D02D /* Project object */;
}
