// !$*UTF8*$!
{
	archiveVersion = 1;
	classes = {
	};
	objectVersion = 46;
	objects = {

/* Begin PBXBuildFile section */
		4A100F661D13D0DE0095DD3C /* Assets.xcassets in Resources */ = {isa = PBXBuildFile; fileRef = 4A100F641D13D0DE0095DD3C /* Assets.xcassets */; };
		4A100F671D13D0DE0095DD3C /* Info.plist in Resources */ = {isa = PBXBuildFile; fileRef = 4A100F651D13D0DE0095DD3C /* Info.plist */; };
		4A100F701D13D1240095DD3C /* AppDelegate.h in Sources */ = {isa = PBXBuildFile; fileRef = 4A100F681D13D1240095DD3C /* AppDelegate.h */; };
		4A100F711D13D1240095DD3C /* AppDelegate.m in Sources */ = {isa = PBXBuildFile; fileRef = 4A100F691D13D1240095DD3C /* AppDelegate.m */; };
		4A100F721D13D1240095DD3C /* main.m in Sources */ = {isa = PBXBuildFile; fileRef = 4A100F6A1D13D1240095DD3C /* main.m */; };
		4A100F731D13D1240095DD3C /* NobleMacView.h in Sources */ = {isa = PBXBuildFile; fileRef = 4A100F6B1D13D1240095DD3C /* NobleMacView.h */; };
		4A100F741D13D1240095DD3C /* NobleMacView.m in Sources */ = {isa = PBXBuildFile; fileRef = 4A100F6C1D13D1240095DD3C /* NobleMacView.m */; };
		4A100F751D13D1240095DD3C /* nobleape.xib in Sources */ = {isa = PBXBuildFile; fileRef = 4A100F6D1D13D1240095DD3C /* nobleape.xib */; };
		4A100F761D13D1240095DD3C /* NobleSimulationView.h in Sources */ = {isa = PBXBuildFile; fileRef = 4A100F6E1D13D1240095DD3C /* NobleSimulationView.h */; };
		4A100F771D13D1240095DD3C /* NobleSimulationView.m in Sources */ = {isa = PBXBuildFile; fileRef = 4A100F6F1D13D1240095DD3C /* NobleSimulationView.m */; };
		4A100F801D13D20C0095DD3C /* libNobleShared.dylib in Frameworks */ = {isa = PBXBuildFile; fileRef = 4A100F7D1D13D1390095DD3C /* libNobleShared.dylib */; };
/* End PBXBuildFile section */

/* Begin PBXContainerItemProxy section */
		4A100F7C1D13D1390095DD3C /* PBXContainerItemProxy */ = {
			isa = PBXContainerItemProxy;
			containerPortal = 4A100F781D13D1390095DD3C /* NobleShared.xcodeproj */;
			proxyType = 2;
			remoteGlobalIDString = 4A100EED1D13CE600095DD3C;
			remoteInfo = NobleShared;
		};
		4A100F7E1D13D1BA0095DD3C /* PBXContainerItemProxy */ = {
			isa = PBXContainerItemProxy;
			containerPortal = 4A100F781D13D1390095DD3C /* NobleShared.xcodeproj */;
			proxyType = 1;
			remoteGlobalIDString = 4A100EEC1D13CE600095DD3C;
			remoteInfo = NobleShared;
		};
/* End PBXContainerItemProxy section */

/* Begin PBXFileReference section */
		4A100F501D13D09A0095DD3C /* NobleApeDivided.app */ = {isa = PBXFileReference; explicitFileType = wrapper.application; includeInIndex = 0; path = NobleApeDivided.app; sourceTree = BUILT_PRODUCTS_DIR; };
		4A100F641D13D0DE0095DD3C /* Assets.xcassets */ = {isa = PBXFileReference; lastKnownFileType = folder.assetcatalog; name = Assets.xcassets; path = "../../Noble Ape/Noble Ape/Assets.xcassets"; sourceTree = "<group>"; };
		4A100F651D13D0DE0095DD3C /* Info.plist */ = {isa = PBXFileReference; fileEncoding = 4; lastKnownFileType = text.plist.xml; name = Info.plist; path = "../../Noble Ape/Noble Ape/Info.plist"; sourceTree = "<group>"; };
		4A100F681D13D1240095DD3C /* AppDelegate.h */ = {isa = PBXFileReference; lastKnownFileType = sourcecode.c.h; name = AppDelegate.h; path = ../sim/mac/AppDelegate.h; sourceTree = "<group>"; };
		4A100F691D13D1240095DD3C /* AppDelegate.m */ = {isa = PBXFileReference; lastKnownFileType = sourcecode.c.objc; name = AppDelegate.m; path = ../sim/mac/AppDelegate.m; sourceTree = "<group>"; };
		4A100F6A1D13D1240095DD3C /* main.m */ = {isa = PBXFileReference; lastKnownFileType = sourcecode.c.objc; name = main.m; path = ../sim/mac/main.m; sourceTree = "<group>"; };
		4A100F6B1D13D1240095DD3C /* NobleMacView.h */ = {isa = PBXFileReference; lastKnownFileType = sourcecode.c.h; name = NobleMacView.h; path = ../sim/mac/NobleMacView.h; sourceTree = "<group>"; };
		4A100F6C1D13D1240095DD3C /* NobleMacView.m */ = {isa = PBXFileReference; lastKnownFileType = sourcecode.c.objc; name = NobleMacView.m; path = ../sim/mac/NobleMacView.m; sourceTree = "<group>"; };
		4A100F6D1D13D1240095DD3C /* nobleape.xib */ = {isa = PBXFileReference; lastKnownFileType = file.xib; name = nobleape.xib; path = ../sim/macsim/nobleape.xib; sourceTree = "<group>"; };
		4A100F6E1D13D1240095DD3C /* NobleSimulationView.h */ = {isa = PBXFileReference; lastKnownFileType = sourcecode.c.h; name = NobleSimulationView.h; path = ../sim/macsim/NobleSimulationView.h; sourceTree = "<group>"; };
		4A100F6F1D13D1240095DD3C /* NobleSimulationView.m */ = {isa = PBXFileReference; lastKnownFileType = sourcecode.c.objc; name = NobleSimulationView.m; path = ../sim/macsim/NobleSimulationView.m; sourceTree = "<group>"; };
		4A100F781D13D1390095DD3C /* NobleShared.xcodeproj */ = {isa = PBXFileReference; lastKnownFileType = "wrapper.pb-project"; name = NobleShared.xcodeproj; path = ../NobleShared/NobleShared.xcodeproj; sourceTree = "<group>"; };
/* End PBXFileReference section */

/* Begin PBXFrameworksBuildPhase section */
		4A100F4D1D13D09A0095DD3C /* Frameworks */ = {
			isa = PBXFrameworksBuildPhase;
			buildActionMask = 2147483647;
			files = (
				4A100F801D13D20C0095DD3C /* libNobleShared.dylib in Frameworks */,
			);
			runOnlyForDeploymentPostprocessing = 0;
		};
/* End PBXFrameworksBuildPhase section */

/* Begin PBXGroup section */
		4A100F471D13D09A0095DD3C = {
			isa = PBXGroup;
			children = (
				4A100F781D13D1390095DD3C /* NobleShared.xcodeproj */,
				4A100F681D13D1240095DD3C /* AppDelegate.h */,
				4A100F691D13D1240095DD3C /* AppDelegate.m */,
				4A100F6A1D13D1240095DD3C /* main.m */,
				4A100F6B1D13D1240095DD3C /* NobleMacView.h */,
				4A100F6C1D13D1240095DD3C /* NobleMacView.m */,
				4A100F6D1D13D1240095DD3C /* nobleape.xib */,
				4A100F6E1D13D1240095DD3C /* NobleSimulationView.h */,
				4A100F6F1D13D1240095DD3C /* NobleSimulationView.m */,
				4A100F521D13D09A0095DD3C /* NobleApeDivided */,
				4A100F511D13D09A0095DD3C /* Products */,
			);
			sourceTree = "<group>";
		};
		4A100F511D13D09A0095DD3C /* Products */ = {
			isa = PBXGroup;
			children = (
				4A100F501D13D09A0095DD3C /* NobleApeDivided.app */,
			);
			name = Products;
			sourceTree = "<group>";
		};
		4A100F521D13D09A0095DD3C /* NobleApeDivided */ = {
			isa = PBXGroup;
			children = (
				4A100F641D13D0DE0095DD3C /* Assets.xcassets */,
				4A100F651D13D0DE0095DD3C /* Info.plist */,
				4A100F561D13D09A0095DD3C /* Supporting Files */,
			);
			path = NobleApeDivided;
			sourceTree = "<group>";
		};
		4A100F561D13D09A0095DD3C /* Supporting Files */ = {
			isa = PBXGroup;
			children = (
			);
			name = "Supporting Files";
			sourceTree = "<group>";
		};
		4A100F791D13D1390095DD3C /* Products */ = {
			isa = PBXGroup;
			children = (
				4A100F7D1D13D1390095DD3C /* libNobleShared.dylib */,
			);
			name = Products;
			sourceTree = "<group>";
		};
/* End PBXGroup section */

/* Begin PBXNativeTarget section */
		4A100F4F1D13D09A0095DD3C /* NobleApeDivided */ = {
			isa = PBXNativeTarget;
			buildConfigurationList = 4A100F611D13D09A0095DD3C /* Build configuration list for PBXNativeTarget "NobleApeDivided" */;
			buildPhases = (
				4A100F4C1D13D09A0095DD3C /* Sources */,
				4A100F4D1D13D09A0095DD3C /* Frameworks */,
				4A100F4E1D13D09A0095DD3C /* Resources */,
			);
			buildRules = (
			);
			dependencies = (
				4A100F7F1D13D1BA0095DD3C /* PBXTargetDependency */,
			);
			name = NobleApeDivided;
			productName = NobleApeDivided;
			productReference = 4A100F501D13D09A0095DD3C /* NobleApeDivided.app */;
			productType = "com.apple.product-type.application";
		};
/* End PBXNativeTarget section */

/* Begin PBXProject section */
		4A100F481D13D09A0095DD3C /* Project object */ = {
			isa = PBXProject;
			attributes = {
				LastUpgradeCheck = 0730;
				ORGANIZATIONNAME = "Thomas Barbalet";
				TargetAttributes = {
					4A100F4F1D13D09A0095DD3C = {
						CreatedOnToolsVersion = 7.3.1;
					};
				};
			};
			buildConfigurationList = 4A100F4B1D13D09A0095DD3C /* Build configuration list for PBXProject "NobleApeDivided" */;
			compatibilityVersion = "Xcode 3.2";
			developmentRegion = English;
			hasScannedForEncodings = 0;
			knownRegions = (
				en,
				Base,
			);
			mainGroup = 4A100F471D13D09A0095DD3C;
			productRefGroup = 4A100F511D13D09A0095DD3C /* Products */;
			projectDirPath = "";
			projectReferences = (
				{
					ProductGroup = 4A100F791D13D1390095DD3C /* Products */;
					ProjectRef = 4A100F781D13D1390095DD3C /* NobleShared.xcodeproj */;
				},
			);
			projectRoot = "";
			targets = (
				4A100F4F1D13D09A0095DD3C /* NobleApeDivided */,
			);
		};
/* End PBXProject section */

/* Begin PBXReferenceProxy section */
		4A100F7D1D13D1390095DD3C /* libNobleShared.dylib */ = {
			isa = PBXReferenceProxy;
			fileType = "compiled.mach-o.dylib";
			path = libNobleShared.dylib;
			remoteRef = 4A100F7C1D13D1390095DD3C /* PBXContainerItemProxy */;
			sourceTree = BUILT_PRODUCTS_DIR;
		};
/* End PBXReferenceProxy section */

/* Begin PBXResourcesBuildPhase section */
		4A100F4E1D13D09A0095DD3C /* Resources */ = {
			isa = PBXResourcesBuildPhase;
			buildActionMask = 2147483647;
			files = (
				4A100F671D13D0DE0095DD3C /* Info.plist in Resources */,
				4A100F661D13D0DE0095DD3C /* Assets.xcassets in Resources */,
			);
			runOnlyForDeploymentPostprocessing = 0;
		};
/* End PBXResourcesBuildPhase section */

/* Begin PBXSourcesBuildPhase section */
		4A100F4C1D13D09A0095DD3C /* Sources */ = {
			isa = PBXSourcesBuildPhase;
			buildActionMask = 2147483647;
			files = (
				4A100F701D13D1240095DD3C /* AppDelegate.h in Sources */,
				4A100F711D13D1240095DD3C /* AppDelegate.m in Sources */,
				4A100F721D13D1240095DD3C /* main.m in Sources */,
				4A100F731D13D1240095DD3C /* NobleMacView.h in Sources */,
				4A100F741D13D1240095DD3C /* NobleMacView.m in Sources */,
				4A100F751D13D1240095DD3C /* nobleape.xib in Sources */,
				4A100F761D13D1240095DD3C /* NobleSimulationView.h in Sources */,
				4A100F771D13D1240095DD3C /* NobleSimulationView.m in Sources */,
			);
			runOnlyForDeploymentPostprocessing = 0;
		};
/* End PBXSourcesBuildPhase section */

/* Begin PBXTargetDependency section */
		4A100F7F1D13D1BA0095DD3C /* PBXTargetDependency */ = {
			isa = PBXTargetDependency;
			name = NobleShared;
			targetProxy = 4A100F7E1D13D1BA0095DD3C /* PBXContainerItemProxy */;
		};
/* End PBXTargetDependency section */

/* Begin XCBuildConfiguration section */
		4A100F5F1D13D09A0095DD3C /* Debug */ = {
			isa = XCBuildConfiguration;
			buildSettings = {
				ALWAYS_SEARCH_USER_PATHS = NO;
				CLANG_ANALYZER_NONNULL = YES;
				CLANG_CXX_LANGUAGE_STANDARD = "gnu++0x";
				CLANG_CXX_LIBRARY = "libc++";
				CLANG_ENABLE_MODULES = YES;
				CLANG_ENABLE_OBJC_ARC = YES;
				CLANG_WARN_BOOL_CONVERSION = YES;
				CLANG_WARN_CONSTANT_CONVERSION = YES;
				CLANG_WARN_DIRECT_OBJC_ISA_USAGE = YES_ERROR;
				CLANG_WARN_EMPTY_BODY = YES;
				CLANG_WARN_ENUM_CONVERSION = YES;
				CLANG_WARN_INT_CONVERSION = YES;
				CLANG_WARN_OBJC_ROOT_CLASS = YES_ERROR;
				CLANG_WARN_UNREACHABLE_CODE = YES;
				CLANG_WARN__DUPLICATE_METHOD_MATCH = YES;
				CODE_SIGN_IDENTITY = "-";
				COPY_PHASE_STRIP = NO;
				DEBUG_INFORMATION_FORMAT = dwarf;
				ENABLE_STRICT_OBJC_MSGSEND = YES;
				ENABLE_TESTABILITY = YES;
				GCC_C_LANGUAGE_STANDARD = gnu99;
				GCC_DYNAMIC_NO_PIC = NO;
				GCC_NO_COMMON_BLOCKS = YES;
				GCC_OPTIMIZATION_LEVEL = 0;
				GCC_PREPROCESSOR_DEFINITIONS = (
					"DEBUG=1",
					"$(inherited)",
				);
				GCC_WARN_64_TO_32_BIT_CONVERSION = YES;
				GCC_WARN_ABOUT_RETURN_TYPE = YES_ERROR;
				GCC_WARN_UNDECLARED_SELECTOR = YES;
				GCC_WARN_UNINITIALIZED_AUTOS = YES_AGGRESSIVE;
				GCC_WARN_UNUSED_FUNCTION = YES;
				GCC_WARN_UNUSED_VARIABLE = YES;
				MACOSX_DEPLOYMENT_TARGET = 10.11;
				MTL_ENABLE_DEBUG_INFO = YES;
				ONLY_ACTIVE_ARCH = YES;
				SDKROOT = macosx;
			};
			name = Debug;
		};
		4A100F601D13D09A0095DD3C /* Release */ = {
			isa = XCBuildConfiguration;
			buildSettings = {
				ALWAYS_SEARCH_USER_PATHS = NO;
				CLANG_ANALYZER_NONNULL = YES;
				CLANG_CXX_LANGUAGE_STANDARD = "gnu++0x";
				CLANG_CXX_LIBRARY = "libc++";
				CLANG_ENABLE_MODULES = YES;
				CLANG_ENABLE_OBJC_ARC = YES;
				CLANG_WARN_BOOL_CONVERSION = YES;
				CLANG_WARN_CONSTANT_CONVERSION = YES;
				CLANG_WARN_DIRECT_OBJC_ISA_USAGE = YES_ERROR;
				CLANG_WARN_EMPTY_BODY = YES;
				CLANG_WARN_ENUM_CONVERSION = YES;
				CLANG_WARN_INT_CONVERSION = YES;
				CLANG_WARN_OBJC_ROOT_CLASS = YES_ERROR;
				CLANG_WARN_UNREACHABLE_CODE = YES;
				CLANG_WARN__DUPLICATE_METHOD_MATCH = YES;
				CODE_SIGN_IDENTITY = "-";
				COPY_PHASE_STRIP = NO;
				DEBUG_INFORMATION_FORMAT = "dwarf-with-dsym";
				ENABLE_NS_ASSERTIONS = NO;
				ENABLE_STRICT_OBJC_MSGSEND = YES;
				GCC_C_LANGUAGE_STANDARD = gnu99;
				GCC_NO_COMMON_BLOCKS = YES;
				GCC_WARN_64_TO_32_BIT_CONVERSION = YES;
				GCC_WARN_ABOUT_RETURN_TYPE = YES_ERROR;
				GCC_WARN_UNDECLARED_SELECTOR = YES;
				GCC_WARN_UNINITIALIZED_AUTOS = YES_AGGRESSIVE;
				GCC_WARN_UNUSED_FUNCTION = YES;
				GCC_WARN_UNUSED_VARIABLE = YES;
				MACOSX_DEPLOYMENT_TARGET = 10.11;
				MTL_ENABLE_DEBUG_INFO = NO;
				SDKROOT = macosx;
			};
			name = Release;
		};
		4A100F621D13D09A0095DD3C /* Debug */ = {
			isa = XCBuildConfiguration;
			buildSettings = {
				ASSETCATALOG_COMPILER_APPICON_NAME = AppIcon;
				COMBINE_HIDPI_IMAGES = YES;
				INFOPLIST_FILE = "$(SRCROOT)/../Noble Ape/Noble Ape/Info.plist";
				LD_RUNPATH_SEARCH_PATHS = "$(inherited) @executable_path/../Frameworks";
				PRODUCT_BUNDLE_IDENTIFIER = com.nobleape.NobleApeDivided;
				PRODUCT_NAME = "$(TARGET_NAME)";
			};
			name = Debug;
		};
		4A100F631D13D09A0095DD3C /* Release */ = {
			isa = XCBuildConfiguration;
			buildSettings = {
				ASSETCATALOG_COMPILER_APPICON_NAME = AppIcon;
				COMBINE_HIDPI_IMAGES = YES;
				INFOPLIST_FILE = "$(SRCROOT)/../Noble Ape/Noble Ape/Info.plist";
				LD_RUNPATH_SEARCH_PATHS = "$(inherited) @executable_path/../Frameworks";
				PRODUCT_BUNDLE_IDENTIFIER = com.nobleape.NobleApeDivided;
				PRODUCT_NAME = "$(TARGET_NAME)";
			};
			name = Release;
		};
/* End XCBuildConfiguration section */

/* Begin XCConfigurationList section */
		4A100F4B1D13D09A0095DD3C /* Build configuration list for PBXProject "NobleApeDivided" */ = {
			isa = XCConfigurationList;
			buildConfigurations = (
				4A100F5F1D13D09A0095DD3C /* Debug */,
				4A100F601D13D09A0095DD3C /* Release */,
			);
			defaultConfigurationIsVisible = 0;
			defaultConfigurationName = Release;
		};
		4A100F611D13D09A0095DD3C /* Build configuration list for PBXNativeTarget "NobleApeDivided" */ = {
			isa = XCConfigurationList;
			buildConfigurations = (
				4A100F621D13D09A0095DD3C /* Debug */,
				4A100F631D13D09A0095DD3C /* Release */,
			);
			defaultConfigurationIsVisible = 0;
			defaultConfigurationName = Release;
		};
/* End XCConfigurationList section */
	};
	rootObject = 4A100F481D13D09A0095DD3C /* Project object */;
}
